
Microsoft Visual Studio Solution File, Format Version 12.00
# Visual Studio Version 16
VisualStudioVersion = 16.0.31515.178
MinimumVisualStudioVersion = 10.0.40219.1
Project("{FAE04EC0-301F-11D3-BF4B-00C04F79EFBC}") = "Nosocomephobia", "Nosocomephobia\Nosocomephobia.csproj", "{0FDCE879-E6CF-4B07-B563-BC5C9617E270}"
EndProject
Global
	GlobalSection(SolutionConfigurationPlatforms) = preSolution
		Debug|Any CPU = Debug|Any CPU
		Release|Any CPU = Release|Any CPU
	EndGlobalSection
	GlobalSection(ProjectConfigurationPlatforms) = postSolution
		{0FDCE879-E6CF-4B07-B563-BC5C9617E270}.Debug|Any CPU.ActiveCfg = Debug|Any CPU
		{0FDCE879-E6CF-4B07-B563-BC5C9617E270}.Debug|Any CPU.Build.0 = Debug|Any CPU
		{0FDCE879-E6CF-4B07-B563-BC5C9617E270}.Release|Any CPU.ActiveCfg = Release|Any CPU
		{0FDCE879-E6CF-4B07-B563-BC5C9617E270}.Release|Any CPU.Build.0 = Release|Any CPU
	EndGlobalSection
	GlobalSection(SolutionProperties) = preSolution
		HideSolutionNode = FALSE
	EndGlobalSection
	GlobalSection(ExtensibilityGlobals) = postSolution
		SolutionGuid = {72C45AB4-F784-49B9-826A-F3754001C016}
	EndGlobalSection
EndGlobal
